<?xml version="1.0" encoding="utf-8"?>
<Project ToolsVersion="4.0" xmlns="http://schemas.microsoft.com/developer/msbuild/2003">
  <ItemGroup>
    <Filter Include="源文件">
      <UniqueIdentifier>{4FC737F1-C7A5-4376-A066-2A32D752A2FF}</UniqueIdentifier>
      <Extensions>cpp;c;cc;cxx;def;odl;idl;hpj;bat;asm;asmx</Extensions>
    </Filter>
    <Filter Include="头文件">
      <UniqueIdentifier>{93995380-89BD-4b04-88EB-625FBE52EBFB}</UniqueIdentifier>
      <Extensions>h;hh;hpp;hxx;hm;inl;inc;ipp;xsd</Extensions>
    </Filter>
    <Filter Include="资源文件">
      <UniqueIdentifier>{67DA6AB6-F800-4c08-8B7A-83BB121AAD01}</UniqueIdentifier>
      <Extensions>rc;ico;cur;bmp;dlg;rc2;rct;bin;rgs;gif;jpg;jpeg;jpe;resx;tiff;tif;png;wav;mfcribbon-ms</Extensions>
    </Filter>
  </ItemGroup>
  <ItemGroup>
    <ClCompile Include="sources\glad.c">
      <Filter>源文件</Filter>
    </ClCompile>
    <ClCompile Include="sources\main.cpp">
      <Filter>源文件</Filter>
    </ClCompile>
    <ClCompile Include="sources\texture.cpp">
      <Filter>源文件</Filter>
    </ClCompile>
    <ClCompile Include="sources\camera.cpp">
      <Filter>源文件</Filter>
    </ClCompile>
    <ClCompile Include="sources\shader.cpp">
      <Filter>源文件</Filter>
    </ClCompile>
    <ClCompile Include="sources\game.cpp">
      <Filter>源文件</Filter>
    </ClCompile>
    <ClCompile Include="sources\resource_manager.cpp">
      <Filter>源文件</Filter>
    </ClCompile>
    <ClCompile Include="sources\game_object.cpp">
      <Filter>源文件</Filter>
    </ClCompile>
    <ClCompile Include="sources\arrow.cpp">
      <Filter>源文件</Filter>
    </ClCompile>
    <ClCompile Include="sources\Archer.cpp">
      <Filter>源文件</Filter>
    </ClCompile>
    <ClCompile Include="sources\game_shootingobject.cpp">
      <Filter>源文件</Filter>
    </ClCompile>
    <ClCompile Include="sources\game_map.cpp">
      <Filter>源文件</Filter>
    </ClCompile>
    <ClCompile Include="sources\findingpath.cpp">
      <Filter>源文件</Filter>
    </ClCompile>
    <ClCompile Include="sources\HPEXPStrip.cpp">
      <Filter>源文件</Filter>
    </ClCompile>
  </ItemGroup>
  <ItemGroup>
    <ClInclude Include="Include\resource_manager.h">
      <Filter>头文件</Filter>
    </ClInclude>
    <ClInclude Include="Include\game.h">
      <Filter>头文件</Filter>
    </ClInclude>
    <ClInclude Include="Include\texture.h">
      <Filter>头文件</Filter>
    </ClInclude>
    <ClInclude Include="Include\shader.h">
      <Filter>头文件</Filter>
    </ClInclude>
    <ClInclude Include="Include\camera.h">
      <Filter>头文件</Filter>
    </ClInclude>
    <ClInclude Include="Include\game_object.h">
      <Filter>头文件</Filter>
    </ClInclude>
    <ClInclude Include="Include\arrow.h">
      <Filter>头文件</Filter>
    </ClInclude>
    <ClInclude Include="Include\Archer.h">
      <Filter>头文件</Filter>
    </ClInclude>
    <ClInclude Include="Include\game_shootingobject.h">
      <Filter>头文件</Filter>
    </ClInclude>
    <ClInclude Include="Include\game_map.h">
      <Filter>头文件</Filter>
    </ClInclude>
    <ClInclude Include="Include\findingpath.h">
      <Filter>头文件</Filter>
    </ClInclude>
    <ClInclude Include="Include\HPEXPStrip.h">
      <Filter>头文件</Filter>
    </ClInclude>
  </ItemGroup>
  <ItemGroup>
    <None Include="resources\shaders\shader.fs">
      <Filter>资源文件</Filter>
    </None>
    <None Include="resources\shaders\shader.vs">
      <Filter>资源文件</Filter>
    </None>
    <None Include="resources\shaders\shader1.fs">
      <Filter>资源文件</Filter>
    </None>
    <None Include="resources\shaders\shader1.vs">
      <Filter>资源文件</Filter>
    </None>
    <None Include="ClassDiagram.cd" />
    <None Include="ClassDiagram1.cd" />
  </ItemGroup>
</Project>